// !$*UTF8*$!
{
	archiveVersion = 1;
	classes = {
	};
	objectVersion = 48;
	objects = {

/* Begin PBXBuildFile section */
		3400D9461F65FE7E00ECD456 /* EntityManager.swift in Sources */ = {isa = PBXBuildFile; fileRef = 34C2DBAE1F633F990027EB1F /* EntityManager.swift */; };
		3400D9471F65FE8100ECD456 /* Rope.swift in Sources */ = {isa = PBXBuildFile; fileRef = 34C2DBB01F633F990027EB1F /* Rope.swift */; };
		3400D9481F65FE8300ECD456 /* Tomato.swift in Sources */ = {isa = PBXBuildFile; fileRef = 34C2DBAF1F633F990027EB1F /* Tomato.swift */; };
		3400D9491F65FE8500ECD456 /* WoodenBoard.swift in Sources */ = {isa = PBXBuildFile; fileRef = 34C2DBAD1F633F980027EB1F /* WoodenBoard.swift */; };
		3400D9691F65FF3000ECD456 /* DuringTravelState.swift in Sources */ = {isa = PBXBuildFile; fileRef = 3400D9641F65FF2800ECD456 /* DuringTravelState.swift */; };
		3400D96A1F65FF3000ECD456 /* IdleOnStartState.swift in Sources */ = {isa = PBXBuildFile; fileRef = 3400D9651F65FF2800ECD456 /* IdleOnStartState.swift */; };
		3400D96B1F65FF3000ECD456 /* IdleState.swift in Sources */ = {isa = PBXBuildFile; fileRef = 3400D9661F65FF2800ECD456 /* IdleState.swift */; };
		3400D96C1F65FF3000ECD456 /* TravelToStartState.swift in Sources */ = {isa = PBXBuildFile; fileRef = 3400D9671F65FF2800ECD456 /* TravelToStartState.swift */; };
		3400D96D1F65FF3000ECD456 /* WanderingState.swift in Sources */ = {isa = PBXBuildFile; fileRef = 3400D9681F65FF2800ECD456 /* WanderingState.swift */; };
		3400D96E1F65FF3000ECD456 /* MoveStateMachine.swift in Sources */ = {isa = PBXBuildFile; fileRef = 3400D9621F65FF2800ECD456 /* MoveStateMachine.swift */; };
		3400D9731F65FF5600ECD456 /* ImageConstants.swift in Sources */ = {isa = PBXBuildFile; fileRef = 3400D9321F65FD7900ECD456 /* ImageConstants.swift */; };
		3400D9741F65FF5600ECD456 /* Array+Swap.swift in Sources */ = {isa = PBXBuildFile; fileRef = 34C2DBAA1F633F4F0027EB1F /* Array+Swap.swift */; };
		3400D9751F65FF5600ECD456 /* CGRect+Anchor.swift in Sources */ = {isa = PBXBuildFile; fileRef = 34C2DB9F1F633EBF0027EB1F /* CGRect+Anchor.swift */; };
		3400D9761F65FF5600ECD456 /* GKEntity+Sprite.swift in Sources */ = {isa = PBXBuildFile; fileRef = 34C2DBA01F633EBF0027EB1F /* GKEntity+Sprite.swift */; };
		3400D9771F65FF5600ECD456 /* Int+Random.swift in Sources */ = {isa = PBXBuildFile; fileRef = 34C2DBA11F633EBF0027EB1F /* Int+Random.swift */; };
		3400D9781F65FF5600ECD456 /* SKSpriteNode+Scale.swift in Sources */ = {isa = PBXBuildFile; fileRef = 34C2DBA71F633F190027EB1F /* SKSpriteNode+Scale.swift */; };
		3400D9791F65FF5600ECD456 /* MyUtils.swift in Sources */ = {isa = PBXBuildFile; fileRef = 34C2DB9E1F633EA70027EB1F /* MyUtils.swift */; };
		3400D98E1F6604B200ECD456 /* MoveBehavior.swift in Sources */ = {isa = PBXBuildFile; fileRef = 3400D9871F6604B100ECD456 /* MoveBehavior.swift */; };
		3400D98F1F6604B200ECD456 /* SpriteComponent.swift in Sources */ = {isa = PBXBuildFile; fileRef = 3400D9881F6604B100ECD456 /* SpriteComponent.swift */; };
		3400D9901F6604B200ECD456 /* ContinuousSpriteComponent.swift in Sources */ = {isa = PBXBuildFile; fileRef = 3400D9891F6604B100ECD456 /* ContinuousSpriteComponent.swift */; };
		3400D9911F6604B200ECD456 /* Framable.swift in Sources */ = {isa = PBXBuildFile; fileRef = 3400D98A1F6604B200ECD456 /* Framable.swift */; };
		3400D9921F6604B200ECD456 /* Positional.swift in Sources */ = {isa = PBXBuildFile; fileRef = 3400D98B1F6604B200ECD456 /* Positional.swift */; };
		3400D9931F6604B200ECD456 /* IntersectionComponent.swift in Sources */ = {isa = PBXBuildFile; fileRef = 3400D98C1F6604B200ECD456 /* IntersectionComponent.swift */; };
		3400D9941F6604B200ECD456 /* MoveComponent.swift in Sources */ = {isa = PBXBuildFile; fileRef = 3400D98D1F6604B200ECD456 /* MoveComponent.swift */; };
		3400D9991F6609CD00ECD456 /* RunSceneConstants.swift in Sources */ = {isa = PBXBuildFile; fileRef = 3400D9981F6609CD00ECD456 /* RunSceneConstants.swift */; };
		3400D99D1F66178500ECD456 /* LevelFileParser.swift in Sources */ = {isa = PBXBuildFile; fileRef = 3400D99C1F66178500ECD456 /* LevelFileParser.swift */; };
		34C2DB691F633C890027EB1F /* AppDelegate.swift in Sources */ = {isa = PBXBuildFile; fileRef = 34C2DB681F633C890027EB1F /* AppDelegate.swift */; };
		34C2DB6B1F633C890027EB1F /* RunScene.sks in Resources */ = {isa = PBXBuildFile; fileRef = 34C2DB6A1F633C890027EB1F /* RunScene.sks */; };
		34C2DB6D1F633C890027EB1F /* Actions.sks in Resources */ = {isa = PBXBuildFile; fileRef = 34C2DB6C1F633C890027EB1F /* Actions.sks */; };
		34C2DB6F1F633C890027EB1F /* RunScene.swift in Sources */ = {isa = PBXBuildFile; fileRef = 34C2DB6E1F633C890027EB1F /* RunScene.swift */; };
		34C2DB711F633C890027EB1F /* RunViewController.swift in Sources */ = {isa = PBXBuildFile; fileRef = 34C2DB701F633C890027EB1F /* RunViewController.swift */; };
		34C2DB741F633C890027EB1F /* Main.storyboard in Resources */ = {isa = PBXBuildFile; fileRef = 34C2DB721F633C890027EB1F /* Main.storyboard */; };
		34C2DB761F633C890027EB1F /* Assets.xcassets in Resources */ = {isa = PBXBuildFile; fileRef = 34C2DB751F633C890027EB1F /* Assets.xcassets */; };
		34C2DB791F633C890027EB1F /* LaunchScreen.storyboard in Resources */ = {isa = PBXBuildFile; fileRef = 34C2DB771F633C890027EB1F /* LaunchScreen.storyboard */; };
		34C2DB841F633C890027EB1F /* TomatoRunTests.swift in Sources */ = {isa = PBXBuildFile; fileRef = 34C2DB831F633C890027EB1F /* TomatoRunTests.swift */; };
		34C2DB8F1F633C890027EB1F /* TomatoRunUITests.swift in Sources */ = {isa = PBXBuildFile; fileRef = 34C2DB8E1F633C890027EB1F /* TomatoRunUITests.swift */; };
/* End PBXBuildFile section */

/* Begin PBXContainerItemProxy section */
		34C2DB801F633C890027EB1F /* PBXContainerItemProxy */ = {
			isa = PBXContainerItemProxy;
			containerPortal = 34C2DB5D1F633C890027EB1F /* Project object */;
			proxyType = 1;
			remoteGlobalIDString = 34C2DB641F633C890027EB1F;
			remoteInfo = TomatoRun;
		};
		34C2DB8B1F633C890027EB1F /* PBXContainerItemProxy */ = {
			isa = PBXContainerItemProxy;
			containerPortal = 34C2DB5D1F633C890027EB1F /* Project object */;
			proxyType = 1;
			remoteGlobalIDString = 34C2DB641F633C890027EB1F;
			remoteInfo = TomatoRun;
		};
/* End PBXContainerItemProxy section */

/* Begin PBXFileReference section */
		3400D9321F65FD7900ECD456 /* ImageConstants.swift */ = {isa = PBXFileReference; lastKnownFileType = sourcecode.swift; path = ImageConstants.swift; sourceTree = "<group>"; };
		3400D9621F65FF2800ECD456 /* MoveStateMachine.swift */ = {isa = PBXFileReference; lastKnownFileType = sourcecode.swift; path = MoveStateMachine.swift; sourceTree = "<group>"; };
		3400D9641F65FF2800ECD456 /* DuringTravelState.swift */ = {isa = PBXFileReference; lastKnownFileType = sourcecode.swift; path = DuringTravelState.swift; sourceTree = "<group>"; };
		3400D9651F65FF2800ECD456 /* IdleOnStartState.swift */ = {isa = PBXFileReference; lastKnownFileType = sourcecode.swift; path = IdleOnStartState.swift; sourceTree = "<group>"; };
		3400D9661F65FF2800ECD456 /* IdleState.swift */ = {isa = PBXFileReference; lastKnownFileType = sourcecode.swift; path = IdleState.swift; sourceTree = "<group>"; };
		3400D9671F65FF2800ECD456 /* TravelToStartState.swift */ = {isa = PBXFileReference; lastKnownFileType = sourcecode.swift; path = TravelToStartState.swift; sourceTree = "<group>"; };
		3400D9681F65FF2800ECD456 /* WanderingState.swift */ = {isa = PBXFileReference; lastKnownFileType = sourcecode.swift; path = WanderingState.swift; sourceTree = "<group>"; };
		3400D9871F6604B100ECD456 /* MoveBehavior.swift */ = {isa = PBXFileReference; lastKnownFileType = sourcecode.swift; path = MoveBehavior.swift; sourceTree = "<group>"; };
		3400D9881F6604B100ECD456 /* SpriteComponent.swift */ = {isa = PBXFileReference; lastKnownFileType = sourcecode.swift; path = SpriteComponent.swift; sourceTree = "<group>"; };
		3400D9891F6604B100ECD456 /* ContinuousSpriteComponent.swift */ = {isa = PBXFileReference; lastKnownFileType = sourcecode.swift; path = ContinuousSpriteComponent.swift; sourceTree = "<group>"; };
		3400D98A1F6604B200ECD456 /* Framable.swift */ = {isa = PBXFileReference; lastKnownFileType = sourcecode.swift; path = Framable.swift; sourceTree = "<group>"; };
		3400D98B1F6604B200ECD456 /* Positional.swift */ = {isa = PBXFileReference; lastKnownFileType = sourcecode.swift; path = Positional.swift; sourceTree = "<group>"; };
		3400D98C1F6604B200ECD456 /* IntersectionComponent.swift */ = {isa = PBXFileReference; lastKnownFileType = sourcecode.swift; path = IntersectionComponent.swift; sourceTree = "<group>"; };
		3400D98D1F6604B200ECD456 /* MoveComponent.swift */ = {isa = PBXFileReference; lastKnownFileType = sourcecode.swift; path = MoveComponent.swift; sourceTree = "<group>"; };
		3400D9981F6609CD00ECD456 /* RunSceneConstants.swift */ = {isa = PBXFileReference; lastKnownFileType = sourcecode.swift; path = RunSceneConstants.swift; sourceTree = "<group>"; };
		3400D99C1F66178500ECD456 /* LevelFileParser.swift */ = {isa = PBXFileReference; lastKnownFileType = sourcecode.swift; path = LevelFileParser.swift; sourceTree = "<group>"; };
		34C2DB651F633C890027EB1F /* TomatoRun.app */ = {isa = PBXFileReference; explicitFileType = wrapper.application; includeInIndex = 0; path = TomatoRun.app; sourceTree = BUILT_PRODUCTS_DIR; };
		34C2DB681F633C890027EB1F /* AppDelegate.swift */ = {isa = PBXFileReference; lastKnownFileType = sourcecode.swift; path = AppDelegate.swift; sourceTree = "<group>"; };
		34C2DB6A1F633C890027EB1F /* RunScene.sks */ = {isa = PBXFileReference; lastKnownFileType = file.sks; path = RunScene.sks; sourceTree = "<group>"; };
		34C2DB6C1F633C890027EB1F /* Actions.sks */ = {isa = PBXFileReference; lastKnownFileType = file.sks; path = Actions.sks; sourceTree = "<group>"; };
		34C2DB6E1F633C890027EB1F /* RunScene.swift */ = {isa = PBXFileReference; lastKnownFileType = sourcecode.swift; path = RunScene.swift; sourceTree = "<group>"; };
		34C2DB701F633C890027EB1F /* RunViewController.swift */ = {isa = PBXFileReference; lastKnownFileType = sourcecode.swift; path = RunViewController.swift; sourceTree = "<group>"; };
		34C2DB731F633C890027EB1F /* Base */ = {isa = PBXFileReference; lastKnownFileType = file.storyboard; name = Base; path = Base.lproj/Main.storyboard; sourceTree = "<group>"; };
		34C2DB751F633C890027EB1F /* Assets.xcassets */ = {isa = PBXFileReference; lastKnownFileType = folder.assetcatalog; path = Assets.xcassets; sourceTree = "<group>"; };
		34C2DB781F633C890027EB1F /* Base */ = {isa = PBXFileReference; lastKnownFileType = file.storyboard; name = Base; path = Base.lproj/LaunchScreen.storyboard; sourceTree = "<group>"; };
		34C2DB7A1F633C890027EB1F /* Info.plist */ = {isa = PBXFileReference; lastKnownFileType = text.plist.xml; path = Info.plist; sourceTree = "<group>"; };
		34C2DB7F1F633C890027EB1F /* TomatoRunTests.xctest */ = {isa = PBXFileReference; explicitFileType = wrapper.cfbundle; includeInIndex = 0; path = TomatoRunTests.xctest; sourceTree = BUILT_PRODUCTS_DIR; };
		34C2DB831F633C890027EB1F /* TomatoRunTests.swift */ = {isa = PBXFileReference; lastKnownFileType = sourcecode.swift; path = TomatoRunTests.swift; sourceTree = "<group>"; };
		34C2DB851F633C890027EB1F /* Info.plist */ = {isa = PBXFileReference; lastKnownFileType = text.plist.xml; path = Info.plist; sourceTree = "<group>"; };
		34C2DB8A1F633C890027EB1F /* TomatoRunUITests.xctest */ = {isa = PBXFileReference; explicitFileType = wrapper.cfbundle; includeInIndex = 0; path = TomatoRunUITests.xctest; sourceTree = BUILT_PRODUCTS_DIR; };
		34C2DB8E1F633C890027EB1F /* TomatoRunUITests.swift */ = {isa = PBXFileReference; lastKnownFileType = sourcecode.swift; path = TomatoRunUITests.swift; sourceTree = "<group>"; };
		34C2DB901F633C890027EB1F /* Info.plist */ = {isa = PBXFileReference; lastKnownFileType = text.plist.xml; path = Info.plist; sourceTree = "<group>"; };
		34C2DB9E1F633EA70027EB1F /* MyUtils.swift */ = {isa = PBXFileReference; lastKnownFileType = sourcecode.swift; path = MyUtils.swift; sourceTree = "<group>"; };
		34C2DB9F1F633EBF0027EB1F /* CGRect+Anchor.swift */ = {isa = PBXFileReference; lastKnownFileType = sourcecode.swift; path = "CGRect+Anchor.swift"; sourceTree = "<group>"; };
		34C2DBA01F633EBF0027EB1F /* GKEntity+Sprite.swift */ = {isa = PBXFileReference; lastKnownFileType = sourcecode.swift; path = "GKEntity+Sprite.swift"; sourceTree = "<group>"; };
		34C2DBA11F633EBF0027EB1F /* Int+Random.swift */ = {isa = PBXFileReference; lastKnownFileType = sourcecode.swift; path = "Int+Random.swift"; sourceTree = "<group>"; };
		34C2DBA71F633F190027EB1F /* SKSpriteNode+Scale.swift */ = {isa = PBXFileReference; lastKnownFileType = sourcecode.swift; path = "SKSpriteNode+Scale.swift"; sourceTree = "<group>"; };
		34C2DBAA1F633F4F0027EB1F /* Array+Swap.swift */ = {isa = PBXFileReference; lastKnownFileType = sourcecode.swift; path = "Array+Swap.swift"; sourceTree = "<group>"; };
		34C2DBAD1F633F980027EB1F /* WoodenBoard.swift */ = {isa = PBXFileReference; lastKnownFileType = sourcecode.swift; path = WoodenBoard.swift; sourceTree = "<group>"; };
		34C2DBAE1F633F990027EB1F /* EntityManager.swift */ = {isa = PBXFileReference; lastKnownFileType = sourcecode.swift; path = EntityManager.swift; sourceTree = "<group>"; };
		34C2DBAF1F633F990027EB1F /* Tomato.swift */ = {isa = PBXFileReference; lastKnownFileType = sourcecode.swift; path = Tomato.swift; sourceTree = "<group>"; };
		34C2DBB01F633F990027EB1F /* Rope.swift */ = {isa = PBXFileReference; lastKnownFileType = sourcecode.swift; path = Rope.swift; sourceTree = "<group>"; };
/* End PBXFileReference section */

/* Begin PBXFrameworksBuildPhase section */
		34C2DB621F633C890027EB1F /* Frameworks */ = {
			isa = PBXFrameworksBuildPhase;
			buildActionMask = 2147483647;
			files = (
			);
			runOnlyForDeploymentPostprocessing = 0;
		};
		34C2DB7C1F633C890027EB1F /* Frameworks */ = {
			isa = PBXFrameworksBuildPhase;
			buildActionMask = 2147483647;
			files = (
			);
			runOnlyForDeploymentPostprocessing = 0;
		};
		34C2DB871F633C890027EB1F /* Frameworks */ = {
			isa = PBXFrameworksBuildPhase;
			buildActionMask = 2147483647;
			files = (
			);
			runOnlyForDeploymentPostprocessing = 0;
		};
/* End PBXFrameworksBuildPhase section */

/* Begin PBXGroup section */
		3400D92F1F65FD4300ECD456 /* Constants */ = {
			isa = PBXGroup;
			children = (
				3400D9321F65FD7900ECD456 /* ImageConstants.swift */,
			);
			path = Constants;
			sourceTree = "<group>";
		};
		3400D9611F65FF2800ECD456 /* StateMachine */ = {
			isa = PBXGroup;
			children = (
				3400D9631F65FF2800ECD456 /* States */,
				3400D9621F65FF2800ECD456 /* MoveStateMachine.swift */,
			);
			path = StateMachine;
			sourceTree = "<group>";
		};
		3400D9631F65FF2800ECD456 /* States */ = {
			isa = PBXGroup;
			children = (
				3400D9641F65FF2800ECD456 /* DuringTravelState.swift */,
				3400D9651F65FF2800ECD456 /* IdleOnStartState.swift */,
				3400D9661F65FF2800ECD456 /* IdleState.swift */,
				3400D9671F65FF2800ECD456 /* TravelToStartState.swift */,
				3400D9681F65FF2800ECD456 /* WanderingState.swift */,
			);
			path = States;
			sourceTree = "<group>";
		};
		3400D9961F6604DA00ECD456 /* Components */ = {
			isa = PBXGroup;
			children = (
				3400D9971F6604EF00ECD456 /* Protocols */,
				3400D9891F6604B100ECD456 /* ContinuousSpriteComponent.swift */,
				3400D98C1F6604B200ECD456 /* IntersectionComponent.swift */,
				3400D9871F6604B100ECD456 /* MoveBehavior.swift */,
				3400D98D1F6604B200ECD456 /* MoveComponent.swift */,
				3400D9881F6604B100ECD456 /* SpriteComponent.swift */,
			);
			path = Components;
			sourceTree = "<group>";
		};
		3400D9971F6604EF00ECD456 /* Protocols */ = {
			isa = PBXGroup;
			children = (
				3400D98A1F6604B200ECD456 /* Framable.swift */,
				3400D98B1F6604B200ECD456 /* Positional.swift */,
			);
			path = Protocols;
			sourceTree = "<group>";
		};
		3400D99A1F660F4300ECD456 /* Resources */ = {
			isa = PBXGroup;
			children = (
			);
			path = Resources;
			sourceTree = "<group>";
		};
		3400D99B1F66143100ECD456 /* Engine */ = {
			isa = PBXGroup;
			children = (
				3400D99C1F66178500ECD456 /* LevelFileParser.swift */,
			);
			path = Engine;
			sourceTree = "<group>";
		};
		34C2DB5C1F633C890027EB1F = {
			isa = PBXGroup;
			children = (
				34C2DB671F633C890027EB1F /* TomatoRun */,
				34C2DB821F633C890027EB1F /* TomatoRunTests */,
				34C2DB8D1F633C890027EB1F /* TomatoRunUITests */,
				34C2DB661F633C890027EB1F /* Products */,
			);
			sourceTree = "<group>";
		};
		34C2DB661F633C890027EB1F /* Products */ = {
			isa = PBXGroup;
			children = (
				34C2DB651F633C890027EB1F /* TomatoRun.app */,
				34C2DB7F1F633C890027EB1F /* TomatoRunTests.xctest */,
				34C2DB8A1F633C890027EB1F /* TomatoRunUITests.xctest */,
			);
			name = Products;
			sourceTree = "<group>";
		};
		34C2DB671F633C890027EB1F /* TomatoRun */ = {
			isa = PBXGroup;
			children = (
				34C2DB9C1F633D450027EB1F /* RunScene */,
				34C2DB9D1F633E8D0027EB1F /* Shared */,
				3400D99A1F660F4300ECD456 /* Resources */,
				34C2DB681F633C890027EB1F /* AppDelegate.swift */,
				34C2DB6C1F633C890027EB1F /* Actions.sks */,
				34C2DB721F633C890027EB1F /* Main.storyboard */,
				34C2DB751F633C890027EB1F /* Assets.xcassets */,
				34C2DB771F633C890027EB1F /* LaunchScreen.storyboard */,
				34C2DB7A1F633C890027EB1F /* Info.plist */,
			);
			path = TomatoRun;
			sourceTree = "<group>";
		};
		34C2DB821F633C890027EB1F /* TomatoRunTests */ = {
			isa = PBXGroup;
			children = (
				34C2DB831F633C890027EB1F /* TomatoRunTests.swift */,
				34C2DB851F633C890027EB1F /* Info.plist */,
			);
			path = TomatoRunTests;
			sourceTree = "<group>";
		};
		34C2DB8D1F633C890027EB1F /* TomatoRunUITests */ = {
			isa = PBXGroup;
			children = (
				34C2DB8E1F633C890027EB1F /* TomatoRunUITests.swift */,
				34C2DB901F633C890027EB1F /* Info.plist */,
			);
			path = TomatoRunUITests;
			sourceTree = "<group>";
		};
		34C2DB9C1F633D450027EB1F /* RunScene */ = {
			isa = PBXGroup;
			children = (
				3400D99B1F66143100ECD456 /* Engine */,
				3400D9961F6604DA00ECD456 /* Components */,
				34C2DBAC1F633F880027EB1F /* Entities */,
				3400D9611F65FF2800ECD456 /* StateMachine */,
				34C2DB6A1F633C890027EB1F /* RunScene.sks */,
				34C2DB6E1F633C890027EB1F /* RunScene.swift */,
				3400D9981F6609CD00ECD456 /* RunSceneConstants.swift */,
				34C2DB701F633C890027EB1F /* RunViewController.swift */,
			);
			path = RunScene;
			sourceTree = "<group>";
		};
		34C2DB9D1F633E8D0027EB1F /* Shared */ = {
			isa = PBXGroup;
			children = (
				3400D92F1F65FD4300ECD456 /* Constants */,
				34C2DBA91F633F3D0027EB1F /* Array */,
				34C2DBA31F633ECF0027EB1F /* CGRect */,
				34C2DBA41F633ED90027EB1F /* GKEntity */,
				34C2DBA51F633EE80027EB1F /* Int */,
				34C2DBA61F633F080027EB1F /* SKSpriteNode */,
				34C2DB9E1F633EA70027EB1F /* MyUtils.swift */,
			);
			path = Shared;
			sourceTree = "<group>";
		};
		34C2DBA31F633ECF0027EB1F /* CGRect */ = {
			isa = PBXGroup;
			children = (
				34C2DB9F1F633EBF0027EB1F /* CGRect+Anchor.swift */,
			);
			path = CGRect;
			sourceTree = "<group>";
		};
		34C2DBA41F633ED90027EB1F /* GKEntity */ = {
			isa = PBXGroup;
			children = (
				34C2DBA01F633EBF0027EB1F /* GKEntity+Sprite.swift */,
			);
			path = GKEntity;
			sourceTree = "<group>";
		};
		34C2DBA51F633EE80027EB1F /* Int */ = {
			isa = PBXGroup;
			children = (
				34C2DBA11F633EBF0027EB1F /* Int+Random.swift */,
			);
			path = Int;
			sourceTree = "<group>";
		};
		34C2DBA61F633F080027EB1F /* SKSpriteNode */ = {
			isa = PBXGroup;
			children = (
				34C2DBA71F633F190027EB1F /* SKSpriteNode+Scale.swift */,
			);
			path = SKSpriteNode;
			sourceTree = "<group>";
		};
		34C2DBA91F633F3D0027EB1F /* Array */ = {
			isa = PBXGroup;
			children = (
				34C2DBAA1F633F4F0027EB1F /* Array+Swap.swift */,
			);
			path = Array;
			sourceTree = "<group>";
		};
		34C2DBAC1F633F880027EB1F /* Entities */ = {
			isa = PBXGroup;
			children = (
				34C2DBAE1F633F990027EB1F /* EntityManager.swift */,
				34C2DBB01F633F990027EB1F /* Rope.swift */,
				34C2DBAF1F633F990027EB1F /* Tomato.swift */,
				34C2DBAD1F633F980027EB1F /* WoodenBoard.swift */,
			);
			path = Entities;
			sourceTree = "<group>";
		};
/* End PBXGroup section */

/* Begin PBXNativeTarget section */
		34C2DB641F633C890027EB1F /* TomatoRun */ = {
			isa = PBXNativeTarget;
			buildConfigurationList = 34C2DB931F633C890027EB1F /* Build configuration list for PBXNativeTarget "TomatoRun" */;
			buildPhases = (
				34C2DB611F633C890027EB1F /* Sources */,
				34C2DB621F633C890027EB1F /* Frameworks */,
				34C2DB631F633C890027EB1F /* Resources */,
			);
			buildRules = (
			);
			dependencies = (
			);
			name = TomatoRun;
			productName = TomatoRun;
			productReference = 34C2DB651F633C890027EB1F /* TomatoRun.app */;
			productType = "com.apple.product-type.application";
		};
		34C2DB7E1F633C890027EB1F /* TomatoRunTests */ = {
			isa = PBXNativeTarget;
			buildConfigurationList = 34C2DB961F633C890027EB1F /* Build configuration list for PBXNativeTarget "TomatoRunTests" */;
			buildPhases = (
				34C2DB7B1F633C890027EB1F /* Sources */,
				34C2DB7C1F633C890027EB1F /* Frameworks */,
				34C2DB7D1F633C890027EB1F /* Resources */,
			);
			buildRules = (
			);
			dependencies = (
				34C2DB811F633C890027EB1F /* PBXTargetDependency */,
			);
			name = TomatoRunTests;
			productName = TomatoRunTests;
			productReference = 34C2DB7F1F633C890027EB1F /* TomatoRunTests.xctest */;
			productType = "com.apple.product-type.bundle.unit-test";
		};
		34C2DB891F633C890027EB1F /* TomatoRunUITests */ = {
			isa = PBXNativeTarget;
			buildConfigurationList = 34C2DB991F633C890027EB1F /* Build configuration list for PBXNativeTarget "TomatoRunUITests" */;
			buildPhases = (
				34C2DB861F633C890027EB1F /* Sources */,
				34C2DB871F633C890027EB1F /* Frameworks */,
				34C2DB881F633C890027EB1F /* Resources */,
			);
			buildRules = (
			);
			dependencies = (
				34C2DB8C1F633C890027EB1F /* PBXTargetDependency */,
			);
			name = TomatoRunUITests;
			productName = TomatoRunUITests;
			productReference = 34C2DB8A1F633C890027EB1F /* TomatoRunUITests.xctest */;
			productType = "com.apple.product-type.bundle.ui-testing";
		};
/* End PBXNativeTarget section */

/* Begin PBXProject section */
		34C2DB5D1F633C890027EB1F /* Project object */ = {
			isa = PBXProject;
			attributes = {
				LastSwiftUpdateCheck = 0900;
				LastUpgradeCheck = 0900;
				ORGANIZATIONNAME = "okAy Studios";
				TargetAttributes = {
					34C2DB641F633C890027EB1F = {
						CreatedOnToolsVersion = 9.0;
						ProvisioningStyle = Automatic;
					};
					34C2DB7E1F633C890027EB1F = {
						CreatedOnToolsVersion = 9.0;
						ProvisioningStyle = Automatic;
						TestTargetID = 34C2DB641F633C890027EB1F;
					};
					34C2DB891F633C890027EB1F = {
						CreatedOnToolsVersion = 9.0;
						ProvisioningStyle = Automatic;
						TestTargetID = 34C2DB641F633C890027EB1F;
					};
				};
			};
			buildConfigurationList = 34C2DB601F633C890027EB1F /* Build configuration list for PBXProject "TomatoRun" */;
			compatibilityVersion = "Xcode 8.0";
			developmentRegion = en;
			hasScannedForEncodings = 0;
			knownRegions = (
				en,
				Base,
			);
			mainGroup = 34C2DB5C1F633C890027EB1F;
			productRefGroup = 34C2DB661F633C890027EB1F /* Products */;
			projectDirPath = "";
			projectRoot = "";
			targets = (
				34C2DB641F633C890027EB1F /* TomatoRun */,
				34C2DB7E1F633C890027EB1F /* TomatoRunTests */,
				34C2DB891F633C890027EB1F /* TomatoRunUITests */,
			);
		};
/* End PBXProject section */

/* Begin PBXResourcesBuildPhase section */
		34C2DB631F633C890027EB1F /* Resources */ = {
			isa = PBXResourcesBuildPhase;
			buildActionMask = 2147483647;
			files = (
				34C2DB741F633C890027EB1F /* Main.storyboard in Resources */,
				34C2DB6B1F633C890027EB1F /* RunScene.sks in Resources */,
				34C2DB761F633C890027EB1F /* Assets.xcassets in Resources */,
				34C2DB791F633C890027EB1F /* LaunchScreen.storyboard in Resources */,
				34C2DB6D1F633C890027EB1F /* Actions.sks in Resources */,
			);
			runOnlyForDeploymentPostprocessing = 0;
		};
		34C2DB7D1F633C890027EB1F /* Resources */ = {
			isa = PBXResourcesBuildPhase;
			buildActionMask = 2147483647;
			files = (
			);
			runOnlyForDeploymentPostprocessing = 0;
		};
		34C2DB881F633C890027EB1F /* Resources */ = {
			isa = PBXResourcesBuildPhase;
			buildActionMask = 2147483647;
			files = (
			);
			runOnlyForDeploymentPostprocessing = 0;
		};
/* End PBXResourcesBuildPhase section */

/* Begin PBXSourcesBuildPhase section */
		34C2DB611F633C890027EB1F /* Sources */ = {
			isa = PBXSourcesBuildPhase;
			buildActionMask = 2147483647;
			files = (
				3400D99D1F66178500ECD456 /* LevelFileParser.swift in Sources */,
				3400D9741F65FF5600ECD456 /* Array+Swap.swift in Sources */,
				3400D9781F65FF5600ECD456 /* SKSpriteNode+Scale.swift in Sources */,
				3400D9941F6604B200ECD456 /* MoveComponent.swift in Sources */,
				3400D96C1F65FF3000ECD456 /* TravelToStartState.swift in Sources */,
				3400D9911F6604B200ECD456 /* Framable.swift in Sources */,
				3400D96A1F65FF3000ECD456 /* IdleOnStartState.swift in Sources */,
				3400D9991F6609CD00ECD456 /* RunSceneConstants.swift in Sources */,
				3400D9461F65FE7E00ECD456 /* EntityManager.swift in Sources */,
				3400D9751F65FF5600ECD456 /* CGRect+Anchor.swift in Sources */,
				3400D9471F65FE8100ECD456 /* Rope.swift in Sources */,
				3400D96E1F65FF3000ECD456 /* MoveStateMachine.swift in Sources */,
				3400D9761F65FF5600ECD456 /* GKEntity+Sprite.swift in Sources */,
				3400D9731F65FF5600ECD456 /* ImageConstants.swift in Sources */,
				3400D9691F65FF3000ECD456 /* DuringTravelState.swift in Sources */,
				3400D9791F65FF5600ECD456 /* MyUtils.swift in Sources */,
				3400D9921F6604B200ECD456 /* Positional.swift in Sources */,
				3400D98F1F6604B200ECD456 /* SpriteComponent.swift in Sources */,
				34C2DB6F1F633C890027EB1F /* RunScene.swift in Sources */,
				34C2DB711F633C890027EB1F /* RunViewController.swift in Sources */,
				3400D9481F65FE8300ECD456 /* Tomato.swift in Sources */,
				3400D9931F6604B200ECD456 /* IntersectionComponent.swift in Sources */,
				3400D9901F6604B200ECD456 /* ContinuousSpriteComponent.swift in Sources */,
				3400D96D1F65FF3000ECD456 /* WanderingState.swift in Sources */,
				3400D98E1F6604B200ECD456 /* MoveBehavior.swift in Sources */,
				3400D96B1F65FF3000ECD456 /* IdleState.swift in Sources */,
				3400D9771F65FF5600ECD456 /* Int+Random.swift in Sources */,
				3400D9491F65FE8500ECD456 /* WoodenBoard.swift in Sources */,
				34C2DB691F633C890027EB1F /* AppDelegate.swift in Sources */,
			);
			runOnlyForDeploymentPostprocessing = 0;
		};
		34C2DB7B1F633C890027EB1F /* Sources */ = {
			isa = PBXSourcesBuildPhase;
			buildActionMask = 2147483647;
			files = (
				34C2DB841F633C890027EB1F /* TomatoRunTests.swift in Sources */,
			);
			runOnlyForDeploymentPostprocessing = 0;
		};
		34C2DB861F633C890027EB1F /* Sources */ = {
			isa = PBXSourcesBuildPhase;
			buildActionMask = 2147483647;
			files = (
				34C2DB8F1F633C890027EB1F /* TomatoRunUITests.swift in Sources */,
			);
			runOnlyForDeploymentPostprocessing = 0;
		};
/* End PBXSourcesBuildPhase section */

/* Begin PBXTargetDependency section */
		34C2DB811F633C890027EB1F /* PBXTargetDependency */ = {
			isa = PBXTargetDependency;
			target = 34C2DB641F633C890027EB1F /* TomatoRun */;
			targetProxy = 34C2DB801F633C890027EB1F /* PBXContainerItemProxy */;
		};
		34C2DB8C1F633C890027EB1F /* PBXTargetDependency */ = {
			isa = PBXTargetDependency;
			target = 34C2DB641F633C890027EB1F /* TomatoRun */;
			targetProxy = 34C2DB8B1F633C890027EB1F /* PBXContainerItemProxy */;
		};
/* End PBXTargetDependency section */

/* Begin PBXVariantGroup section */
		34C2DB721F633C890027EB1F /* Main.storyboard */ = {
			isa = PBXVariantGroup;
			children = (
				34C2DB731F633C890027EB1F /* Base */,
			);
			name = Main.storyboard;
			sourceTree = "<group>";
		};
		34C2DB771F633C890027EB1F /* LaunchScreen.storyboard */ = {
			isa = PBXVariantGroup;
			children = (
				34C2DB781F633C890027EB1F /* Base */,
			);
			name = LaunchScreen.storyboard;
			sourceTree = "<group>";
		};
/* End PBXVariantGroup section */

/* Begin XCBuildConfiguration section */
		34C2DB911F633C890027EB1F /* Debug */ = {
			isa = XCBuildConfiguration;
			buildSettings = {
				ALWAYS_SEARCH_USER_PATHS = NO;
				CLANG_ANALYZER_NONNULL = YES;
				CLANG_ANALYZER_NUMBER_OBJECT_CONVERSION = YES_AGGRESSIVE;
				CLANG_CXX_LANGUAGE_STANDARD = "gnu++14";
				CLANG_CXX_LIBRARY = "libc++";
				CLANG_ENABLE_MODULES = YES;
				CLANG_ENABLE_OBJC_ARC = YES;
				CLANG_WARN_BLOCK_CAPTURE_AUTORELEASING = YES;
				CLANG_WARN_BOOL_CONVERSION = YES;
				CLANG_WARN_COMMA = YES;
				CLANG_WARN_CONSTANT_CONVERSION = YES;
				CLANG_WARN_DIRECT_OBJC_ISA_USAGE = YES_ERROR;
				CLANG_WARN_DOCUMENTATION_COMMENTS = YES;
				CLANG_WARN_EMPTY_BODY = YES;
				CLANG_WARN_ENUM_CONVERSION = YES;
				CLANG_WARN_INFINITE_RECURSION = YES;
				CLANG_WARN_INT_CONVERSION = YES;
				CLANG_WARN_NON_LITERAL_NULL_CONVERSION = YES;
				CLANG_WARN_OBJC_LITERAL_CONVERSION = YES;
				CLANG_WARN_OBJC_ROOT_CLASS = YES_ERROR;
				CLANG_WARN_RANGE_LOOP_ANALYSIS = YES;
				CLANG_WARN_STRICT_PROTOTYPES = YES;
				CLANG_WARN_SUSPICIOUS_MOVE = YES;
				CLANG_WARN_UNGUARDED_AVAILABILITY = YES_AGGRESSIVE;
				CLANG_WARN_UNREACHABLE_CODE = YES;
				CLANG_WARN__DUPLICATE_METHOD_MATCH = YES;
				CODE_SIGN_IDENTITY = "iPhone Developer";
				COPY_PHASE_STRIP = NO;
				DEBUG_INFORMATION_FORMAT = dwarf;
				ENABLE_STRICT_OBJC_MSGSEND = YES;
				ENABLE_TESTABILITY = YES;
				GCC_C_LANGUAGE_STANDARD = gnu11;
				GCC_DYNAMIC_NO_PIC = NO;
				GCC_NO_COMMON_BLOCKS = YES;
				GCC_OPTIMIZATION_LEVEL = 0;
				GCC_PREPROCESSOR_DEFINITIONS = (
					"DEBUG=1",
					"$(inherited)",
				);
				GCC_WARN_64_TO_32_BIT_CONVERSION = YES;
				GCC_WARN_ABOUT_RETURN_TYPE = YES_ERROR;
				GCC_WARN_UNDECLARED_SELECTOR = YES;
				GCC_WARN_UNINITIALIZED_AUTOS = YES_AGGRESSIVE;
				GCC_WARN_UNUSED_FUNCTION = YES;
				GCC_WARN_UNUSED_VARIABLE = YES;
				IPHONEOS_DEPLOYMENT_TARGET = 11.0;
				MTL_ENABLE_DEBUG_INFO = YES;
				ONLY_ACTIVE_ARCH = YES;
				SDKROOT = iphoneos;
				SWIFT_ACTIVE_COMPILATION_CONDITIONS = DEBUG;
				SWIFT_OPTIMIZATION_LEVEL = "-Onone";
			};
			name = Debug;
		};
		34C2DB921F633C890027EB1F /* Release */ = {
			isa = XCBuildConfiguration;
			buildSettings = {
				ALWAYS_SEARCH_USER_PATHS = NO;
				CLANG_ANALYZER_NONNULL = YES;
				CLANG_ANALYZER_NUMBER_OBJECT_CONVERSION = YES_AGGRESSIVE;
				CLANG_CXX_LANGUAGE_STANDARD = "gnu++14";
				CLANG_CXX_LIBRARY = "libc++";
				CLANG_ENABLE_MODULES = YES;
				CLANG_ENABLE_OBJC_ARC = YES;
				CLANG_WARN_BLOCK_CAPTURE_AUTORELEASING = YES;
				CLANG_WARN_BOOL_CONVERSION = YES;
				CLANG_WARN_COMMA = YES;
				CLANG_WARN_CONSTANT_CONVERSION = YES;
				CLANG_WARN_DIRECT_OBJC_ISA_USAGE = YES_ERROR;
				CLANG_WARN_DOCUMENTATION_COMMENTS = YES;
				CLANG_WARN_EMPTY_BODY = YES;
				CLANG_WARN_ENUM_CONVERSION = YES;
				CLANG_WARN_INFINITE_RECURSION = YES;
				CLANG_WARN_INT_CONVERSION = YES;
				CLANG_WARN_NON_LITERAL_NULL_CONVERSION = YES;
				CLANG_WARN_OBJC_LITERAL_CONVERSION = YES;
				CLANG_WARN_OBJC_ROOT_CLASS = YES_ERROR;
				CLANG_WARN_RANGE_LOOP_ANALYSIS = YES;
				CLANG_WARN_STRICT_PROTOTYPES = YES;
				CLANG_WARN_SUSPICIOUS_MOVE = YES;
				CLANG_WARN_UNGUARDED_AVAILABILITY = YES_AGGRESSIVE;
				CLANG_WARN_UNREACHABLE_CODE = YES;
				CLANG_WARN__DUPLICATE_METHOD_MATCH = YES;
				CODE_SIGN_IDENTITY = "iPhone Developer";
				COPY_PHASE_STRIP = NO;
				DEBUG_INFORMATION_FORMAT = "dwarf-with-dsym";
				ENABLE_NS_ASSERTIONS = NO;
				ENABLE_STRICT_OBJC_MSGSEND = YES;
				GCC_C_LANGUAGE_STANDARD = gnu11;
				GCC_NO_COMMON_BLOCKS = YES;
				GCC_WARN_64_TO_32_BIT_CONVERSION = YES;
				GCC_WARN_ABOUT_RETURN_TYPE = YES_ERROR;
				GCC_WARN_UNDECLARED_SELECTOR = YES;
				GCC_WARN_UNINITIALIZED_AUTOS = YES_AGGRESSIVE;
				GCC_WARN_UNUSED_FUNCTION = YES;
				GCC_WARN_UNUSED_VARIABLE = YES;
				IPHONEOS_DEPLOYMENT_TARGET = 11.0;
				MTL_ENABLE_DEBUG_INFO = NO;
				SDKROOT = iphoneos;
				SWIFT_OPTIMIZATION_LEVEL = "-Owholemodule";
				VALIDATE_PRODUCT = YES;
			};
			name = Release;
		};
		34C2DB941F633C890027EB1F /* Debug */ = {
			isa = XCBuildConfiguration;
			buildSettings = {
				ASSETCATALOG_COMPILER_APPICON_NAME = AppIcon;
				CODE_SIGN_STYLE = Automatic;
				DEVELOPMENT_TEAM = 9QWSV3PV48;
				INFOPLIST_FILE = TomatoRun/Info.plist;
				IPHONEOS_DEPLOYMENT_TARGET = 10.3;
				LD_RUNPATH_SEARCH_PATHS = "$(inherited) @executable_path/Frameworks";
				PRODUCT_BUNDLE_IDENTIFIER = com.okAyStudios.TomatoRun;
				PRODUCT_NAME = "$(TARGET_NAME)";
				SWIFT_VERSION = 4.0;
				TARGETED_DEVICE_FAMILY = "1,2";
			};
			name = Debug;
		};
		34C2DB951F633C890027EB1F /* Release */ = {
			isa = XCBuildConfiguration;
			buildSettings = {
				ASSETCATALOG_COMPILER_APPICON_NAME = AppIcon;
				CODE_SIGN_STYLE = Automatic;
				DEVELOPMENT_TEAM = 9QWSV3PV48;
				INFOPLIST_FILE = TomatoRun/Info.plist;
				IPHONEOS_DEPLOYMENT_TARGET = 10.3;
				LD_RUNPATH_SEARCH_PATHS = "$(inherited) @executable_path/Frameworks";
				PRODUCT_BUNDLE_IDENTIFIER = com.okAyStudios.TomatoRun;
				PRODUCT_NAME = "$(TARGET_NAME)";
				SWIFT_VERSION = 4.0;
				TARGETED_DEVICE_FAMILY = "1,2";
			};
			name = Release;
		};
		34C2DB971F633C890027EB1F /* Debug */ = {
			isa = XCBuildConfiguration;
			buildSettings = {
				ALWAYS_EMBED_SWIFT_STANDARD_LIBRARIES = YES;
				BUNDLE_LOADER = "$(TEST_HOST)";
				CODE_SIGN_STYLE = Automatic;
				DEVELOPMENT_TEAM = 9QWSV3PV48;
				INFOPLIST_FILE = TomatoRunTests/Info.plist;
				LD_RUNPATH_SEARCH_PATHS = "$(inherited) @executable_path/Frameworks @loader_path/Frameworks";
				PRODUCT_BUNDLE_IDENTIFIER = com.okAyStudios.TomatoRunTests;
				PRODUCT_NAME = "$(TARGET_NAME)";
				SWIFT_VERSION = 4.0;
				TARGETED_DEVICE_FAMILY = "1,2";
				TEST_HOST = "$(BUILT_PRODUCTS_DIR)/TomatoRun.app/TomatoRun";
			};
			name = Debug;
		};
		34C2DB981F633C890027EB1F /* Release */ = {
			isa = XCBuildConfiguration;
			buildSettings = {
				ALWAYS_EMBED_SWIFT_STANDARD_LIBRARIES = YES;
				BUNDLE_LOADER = "$(TEST_HOST)";
				CODE_SIGN_STYLE = Automatic;
				DEVELOPMENT_TEAM = 9QWSV3PV48;
				INFOPLIST_FILE = TomatoRunTests/Info.plist;
				LD_RUNPATH_SEARCH_PATHS = "$(inherited) @executable_path/Frameworks @loader_path/Frameworks";
				PRODUCT_BUNDLE_IDENTIFIER = com.okAyStudios.TomatoRunTests;
				PRODUCT_NAME = "$(TARGET_NAME)";
				SWIFT_VERSION = 4.0;
				TARGETED_DEVICE_FAMILY = "1,2";
				TEST_HOST = "$(BUILT_PRODUCTS_DIR)/TomatoRun.app/TomatoRun";
			};
			name = Release;
		};
		34C2DB9A1F633C890027EB1F /* Debug */ = {
			isa = XCBuildConfiguration;
			buildSettings = {
				ALWAYS_EMBED_SWIFT_STANDARD_LIBRARIES = YES;
				CODE_SIGN_STYLE = Automatic;
				DEVELOPMENT_TEAM = 9QWSV3PV48;
				INFOPLIST_FILE = TomatoRunUITests/Info.plist;
				LD_RUNPATH_SEARCH_PATHS = "$(inherited) @executable_path/Frameworks @loader_path/Frameworks";
				PRODUCT_BUNDLE_IDENTIFIER = com.okAyStudios.TomatoRunUITests;
				PRODUCT_NAME = "$(TARGET_NAME)";
				SWIFT_VERSION = 4.0;
				TARGETED_DEVICE_FAMILY = "1,2";
				TEST_TARGET_NAME = TomatoRun;
			};
			name = Debug;
		};
		34C2DB9B1F633C890027EB1F /* Release */ = {
			isa = XCBuildConfiguration;
			buildSettings = {
				ALWAYS_EMBED_SWIFT_STANDARD_LIBRARIES = YES;
				CODE_SIGN_STYLE = Automatic;
				DEVELOPMENT_TEAM = 9QWSV3PV48;
				INFOPLIST_FILE = TomatoRunUITests/Info.plist;
				LD_RUNPATH_SEARCH_PATHS = "$(inherited) @executable_path/Frameworks @loader_path/Frameworks";
				PRODUCT_BUNDLE_IDENTIFIER = com.okAyStudios.TomatoRunUITests;
				PRODUCT_NAME = "$(TARGET_NAME)";
				SWIFT_VERSION = 4.0;
				TARGETED_DEVICE_FAMILY = "1,2";
				TEST_TARGET_NAME = TomatoRun;
			};
			name = Release;
		};
/* End XCBuildConfiguration section */

/* Begin XCConfigurationList section */
		34C2DB601F633C890027EB1F /* Build configuration list for PBXProject "TomatoRun" */ = {
			isa = XCConfigurationList;
			buildConfigurations = (
				34C2DB911F633C890027EB1F /* Debug */,
				34C2DB921F633C890027EB1F /* Release */,
			);
			defaultConfigurationIsVisible = 0;
			defaultConfigurationName = Release;
		};
		34C2DB931F633C890027EB1F /* Build configuration list for PBXNativeTarget "TomatoRun" */ = {
			isa = XCConfigurationList;
			buildConfigurations = (
				34C2DB941F633C890027EB1F /* Debug */,
				34C2DB951F633C890027EB1F /* Release */,
			);
			defaultConfigurationIsVisible = 0;
			defaultConfigurationName = Release;
		};
		34C2DB961F633C890027EB1F /* Build configuration list for PBXNativeTarget "TomatoRunTests" */ = {
			isa = XCConfigurationList;
			buildConfigurations = (
				34C2DB971F633C890027EB1F /* Debug */,
				34C2DB981F633C890027EB1F /* Release */,
			);
			defaultConfigurationIsVisible = 0;
			defaultConfigurationName = Release;
		};
		34C2DB991F633C890027EB1F /* Build configuration list for PBXNativeTarget "TomatoRunUITests" */ = {
			isa = XCConfigurationList;
			buildConfigurations = (
				34C2DB9A1F633C890027EB1F /* Debug */,
				34C2DB9B1F633C890027EB1F /* Release */,
			);
			defaultConfigurationIsVisible = 0;
			defaultConfigurationName = Release;
		};
/* End XCConfigurationList section */
	};
	rootObject = 34C2DB5D1F633C890027EB1F /* Project object */;
}
